
Microsoft Visual Studio Solution File, Format Version 12.00
# Visual Studio Express 14 for Windows Desktop
VisualStudioVersion = 14.0.25420.1
MinimumVisualStudioVersion = 10.0.40219.1
Project("{FAE04EC0-301F-11D3-BF4B-00C04F79EFBC}") = "PixivWPF", "PixivWPF\PixivWPF.csproj", "{546DB938-0F20-4E48-BE36-ECC5E778DA7C}"
EndProject
Project("{FAE04EC0-301F-11D3-BF4B-00C04F79EFBC}") = "Pixeez", "Pixeez\Pixeez.csproj", "{295AD3DE-52DF-44C5-8A01-C677D4C9593A}"
EndProject
Project("{2150E333-8FDC-42A3-9474-1A3956D46DE8}") = "Solution Items", "Solution Items", "{E7DF88D4-B7F8-486D-9A00-4AEA4E224F49}"
	ProjectSection(SolutionItems) = preProject
		PixivWPF\aes.cs = PixivWPF\aes.cs
		LICENSE = LICENSE
		MIT.txt = MIT.txt
		PixivWPFSearch.cs = PixivWPFSearch.cs
		readme.md = readme.md
		SortTags.cs = SortTags.cs
	EndProjectSection
EndProject
Global
	GlobalSection(SolutionConfigurationPlatforms) = preSolution
		Debug|Any CPU = Debug|Any CPU
		Release|Any CPU = Release|Any CPU
	EndGlobalSection
	GlobalSection(ProjectConfigurationPlatforms) = postSolution
		{546DB938-0F20-4E48-BE36-ECC5E778DA7C}.Debug|Any CPU.ActiveCfg = Debug|Any CPU
		{546DB938-0F20-4E48-BE36-ECC5E778DA7C}.Debug|Any CPU.Build.0 = Debug|Any CPU
		{546DB938-0F20-4E48-BE36-ECC5E778DA7C}.Release|Any CPU.ActiveCfg = Release|Any CPU
		{546DB938-0F20-4E48-BE36-ECC5E778DA7C}.Release|Any CPU.Build.0 = Release|Any CPU
		{295AD3DE-52DF-44C5-8A01-C677D4C9593A}.Debug|Any CPU.ActiveCfg = Debug|Any CPU
		{295AD3DE-52DF-44C5-8A01-C677D4C9593A}.Debug|Any CPU.Build.0 = Debug|Any CPU
		{295AD3DE-52DF-44C5-8A01-C677D4C9593A}.Release|Any CPU.ActiveCfg = Release|Any CPU
		{295AD3DE-52DF-44C5-8A01-C677D4C9593A}.Release|Any CPU.Build.0 = Release|Any CPU
	EndGlobalSection
	GlobalSection(SolutionProperties) = preSolution
		HideSolutionNode = FALSE
	EndGlobalSection
EndGlobal
