
Microsoft Visual Studio Solution File, Format Version 12.00
# Visual Studio Version 17
VisualStudioVersion = 17.10.35122.118
MinimumVisualStudioVersion = 10.0.40219.1
Project("{FAE04EC0-301F-11D3-BF4B-00C04F79EFBC}") = "PixivWPF", "PixivWPF\PixivWPF.csproj", "{546DB938-0F20-4E48-BE36-ECC5E778DA7C}"
EndProject
Project("{FAE04EC0-301F-11D3-BF4B-00C04F79EFBC}") = "Pixeez", "Pixeez\Pixeez.csproj", "{295AD3DE-52DF-44C5-8A01-C677D4C9593A}"
EndProject
Project("{2150E333-8FDC-42A3-9474-1A3956D46DE8}") = "Solution Items", "Solution Items", "{E7DF88D4-B7F8-486D-9A00-4AEA4E224F49}"
	ProjectSection(SolutionItems) = preProject
		.editorconfig = .editorconfig
		PixivWPF\aes.cs = PixivWPF\aes.cs
		LICENSE = LICENSE
		MIT.txt = MIT.txt
		PixivWPFSearch.cs = PixivWPFSearch.cs
		readme.md = readme.md
		SortTags.cs = SortTags.cs
	EndProjectSection
EndProject
Project("{FAE04EC0-301F-11D3-BF4B-00C04F79EFBC}") = "ImageCompare", "ImageCompare\ImageCompare.csproj", "{C22ED648-4A8A-4B4C-8CF3-321CE1D3004B}"
EndProject
Project("{FAE04EC0-301F-11D3-BF4B-00C04F79EFBC}") = "ImageApplets", "ImageApplets\ImageApplets.csproj", "{E08DC45C-CD8E-4B72-B01B-3DB3498D9A17}"
EndProject
Project("{FAE04EC0-301F-11D3-BF4B-00C04F79EFBC}") = "ImageAppletsCLI", "ImageAppletsCLI\ImageAppletsCLI.csproj", "{C81A5775-BB2C-4DDD-A1FA-27DC2658798F}"
EndProject
Project("{9A19103F-16F7-4668-BE54-9A1E7A4F7556}") = "ImageSearch", "ImageSearch\ImageSearch.csproj", "{3FC7F523-5E19-44FB-8564-5D783DED05D0}"
EndProject
Global
	GlobalSection(SolutionConfigurationPlatforms) = preSolution
		Debug|Any CPU = Debug|Any CPU
		Debug|x64 = Debug|x64
		Release|Any CPU = Release|Any CPU
		Release|x64 = Release|x64
	EndGlobalSection
	GlobalSection(ProjectConfigurationPlatforms) = postSolution
		{546DB938-0F20-4E48-BE36-ECC5E778DA7C}.Debug|Any CPU.ActiveCfg = Debug|Any CPU
		{546DB938-0F20-4E48-BE36-ECC5E778DA7C}.Debug|Any CPU.Build.0 = Debug|Any CPU
		{546DB938-0F20-4E48-BE36-ECC5E778DA7C}.Debug|x64.ActiveCfg = Debug|x64
		{546DB938-0F20-4E48-BE36-ECC5E778DA7C}.Debug|x64.Build.0 = Debug|x64
		{546DB938-0F20-4E48-BE36-ECC5E778DA7C}.Release|Any CPU.ActiveCfg = Release|Any CPU
		{546DB938-0F20-4E48-BE36-ECC5E778DA7C}.Release|Any CPU.Build.0 = Release|Any CPU
		{546DB938-0F20-4E48-BE36-ECC5E778DA7C}.Release|x64.ActiveCfg = Release|x64
		{546DB938-0F20-4E48-BE36-ECC5E778DA7C}.Release|x64.Build.0 = Release|x64
		{295AD3DE-52DF-44C5-8A01-C677D4C9593A}.Debug|Any CPU.ActiveCfg = Debug|Any CPU
		{295AD3DE-52DF-44C5-8A01-C677D4C9593A}.Debug|Any CPU.Build.0 = Debug|Any CPU
		{295AD3DE-52DF-44C5-8A01-C677D4C9593A}.Debug|x64.ActiveCfg = Debug|x64
		{295AD3DE-52DF-44C5-8A01-C677D4C9593A}.Debug|x64.Build.0 = Debug|x64
		{295AD3DE-52DF-44C5-8A01-C677D4C9593A}.Release|Any CPU.ActiveCfg = Release|Any CPU
		{295AD3DE-52DF-44C5-8A01-C677D4C9593A}.Release|Any CPU.Build.0 = Release|Any CPU
		{295AD3DE-52DF-44C5-8A01-C677D4C9593A}.Release|x64.ActiveCfg = Release|x64
		{295AD3DE-52DF-44C5-8A01-C677D4C9593A}.Release|x64.Build.0 = Release|x64
		{C22ED648-4A8A-4B4C-8CF3-321CE1D3004B}.Debug|Any CPU.ActiveCfg = Debug|Any CPU
		{C22ED648-4A8A-4B4C-8CF3-321CE1D3004B}.Debug|Any CPU.Build.0 = Debug|Any CPU
		{C22ED648-4A8A-4B4C-8CF3-321CE1D3004B}.Debug|x64.ActiveCfg = Debug|Any CPU
		{C22ED648-4A8A-4B4C-8CF3-321CE1D3004B}.Debug|x64.Build.0 = Debug|Any CPU
		{C22ED648-4A8A-4B4C-8CF3-321CE1D3004B}.Release|Any CPU.ActiveCfg = Release|Any CPU
		{C22ED648-4A8A-4B4C-8CF3-321CE1D3004B}.Release|Any CPU.Build.0 = Release|Any CPU
		{C22ED648-4A8A-4B4C-8CF3-321CE1D3004B}.Release|x64.ActiveCfg = Release|Any CPU
		{C22ED648-4A8A-4B4C-8CF3-321CE1D3004B}.Release|x64.Build.0 = Release|Any CPU
		{E08DC45C-CD8E-4B72-B01B-3DB3498D9A17}.Debug|Any CPU.ActiveCfg = Debug|Any CPU
		{E08DC45C-CD8E-4B72-B01B-3DB3498D9A17}.Debug|Any CPU.Build.0 = Debug|Any CPU
		{E08DC45C-CD8E-4B72-B01B-3DB3498D9A17}.Debug|x64.ActiveCfg = Debug|Any CPU
		{E08DC45C-CD8E-4B72-B01B-3DB3498D9A17}.Debug|x64.Build.0 = Debug|Any CPU
		{E08DC45C-CD8E-4B72-B01B-3DB3498D9A17}.Release|Any CPU.ActiveCfg = Release|Any CPU
		{E08DC45C-CD8E-4B72-B01B-3DB3498D9A17}.Release|Any CPU.Build.0 = Release|Any CPU
		{E08DC45C-CD8E-4B72-B01B-3DB3498D9A17}.Release|x64.ActiveCfg = Release|Any CPU
		{E08DC45C-CD8E-4B72-B01B-3DB3498D9A17}.Release|x64.Build.0 = Release|Any CPU
		{C81A5775-BB2C-4DDD-A1FA-27DC2658798F}.Debug|Any CPU.ActiveCfg = Debug|Any CPU
		{C81A5775-BB2C-4DDD-A1FA-27DC2658798F}.Debug|Any CPU.Build.0 = Debug|Any CPU
		{C81A5775-BB2C-4DDD-A1FA-27DC2658798F}.Debug|x64.ActiveCfg = Debug|Any CPU
		{C81A5775-BB2C-4DDD-A1FA-27DC2658798F}.Debug|x64.Build.0 = Debug|Any CPU
		{C81A5775-BB2C-4DDD-A1FA-27DC2658798F}.Release|Any CPU.ActiveCfg = Release|Any CPU
		{C81A5775-BB2C-4DDD-A1FA-27DC2658798F}.Release|Any CPU.Build.0 = Release|Any CPU
		{C81A5775-BB2C-4DDD-A1FA-27DC2658798F}.Release|x64.ActiveCfg = Release|Any CPU
		{C81A5775-BB2C-4DDD-A1FA-27DC2658798F}.Release|x64.Build.0 = Release|Any CPU
		{3FC7F523-5E19-44FB-8564-5D783DED05D0}.Debug|Any CPU.ActiveCfg = Debug|Any CPU
		{3FC7F523-5E19-44FB-8564-5D783DED05D0}.Debug|Any CPU.Build.0 = Debug|Any CPU
		{3FC7F523-5E19-44FB-8564-5D783DED05D0}.Debug|x64.ActiveCfg = Debug|Any CPU
		{3FC7F523-5E19-44FB-8564-5D783DED05D0}.Debug|x64.Build.0 = Debug|Any CPU
		{3FC7F523-5E19-44FB-8564-5D783DED05D0}.Release|Any CPU.ActiveCfg = Release|Any CPU
		{3FC7F523-5E19-44FB-8564-5D783DED05D0}.Release|Any CPU.Build.0 = Release|Any CPU
		{3FC7F523-5E19-44FB-8564-5D783DED05D0}.Release|x64.ActiveCfg = Release|Any CPU
		{3FC7F523-5E19-44FB-8564-5D783DED05D0}.Release|x64.Build.0 = Release|Any CPU
	EndGlobalSection
	GlobalSection(SolutionProperties) = preSolution
		HideSolutionNode = FALSE
	EndGlobalSection
	GlobalSection(ExtensibilityGlobals) = postSolution
		SolutionGuid = {6CC3D2D4-90B6-42C6-B865-B78FB0B084C5}
	EndGlobalSection
EndGlobal
